
Microsoft Visual Studio Solution File, Format Version 12.00
# Visual Studio Version 16
VisualStudioVersion = 16.0.31729.503
MinimumVisualStudioVersion = 10.0.40219.1
Project("{FAE04EC0-301F-11D3-BF4B-00C04F79EFBC}") = "CodeWars", "CodeWars.csproj", "{3F287C1A-A338-4010-9DAD-B23A5AF30A23}"
EndProject
Global
	GlobalSection(SolutionConfigurationPlatforms) = preSolution
		Debug|Any CPU = Debug|Any CPU
		Release|Any CPU = Release|Any CPU
	EndGlobalSection
	GlobalSection(ProjectConfigurationPlatforms) = postSolution
		{3F287C1A-A338-4010-9DAD-B23A5AF30A23}.Debug|Any CPU.ActiveCfg = Debug|Any CPU
		{3F287C1A-A338-4010-9DAD-B23A5AF30A23}.Debug|Any CPU.Build.0 = Debug|Any CPU
		{3F287C1A-A338-4010-9DAD-B23A5AF30A23}.Release|Any CPU.ActiveCfg = Release|Any CPU
		{3F287C1A-A338-4010-9DAD-B23A5AF30A23}.Release|Any CPU.Build.0 = Release|Any CPU
	EndGlobalSection
	GlobalSection(SolutionProperties) = preSolution
		HideSolutionNode = FALSE
	EndGlobalSection
	GlobalSection(ExtensibilityGlobals) = postSolution
		SolutionGuid = {CBC5438B-E919-40E0-AB91-FAA4F4FF7F87}
	EndGlobalSection
EndGlobal
